// !$*UTF8*$!
{
	archiveVersion = 1;
	classes = {
	};
	objectVersion = 56;
	objects = {

/* Begin PBXBuildFile section */
		182D43C229A899C100FD81C7 /* AppDelegate.swift in Sources */ = {isa = PBXBuildFile; fileRef = 182D43C129A899C100FD81C7 /* AppDelegate.swift */; };
		182D43C429A899C100FD81C7 /* SceneDelegate.swift in Sources */ = {isa = PBXBuildFile; fileRef = 182D43C329A899C100FD81C7 /* SceneDelegate.swift */; };
		182D43C629A899C100FD81C7 /* ViewController.swift in Sources */ = {isa = PBXBuildFile; fileRef = 182D43C529A899C100FD81C7 /* ViewController.swift */; };
		182D43C929A899C100FD81C7 /* Main.storyboard in Resources */ = {isa = PBXBuildFile; fileRef = 182D43C729A899C100FD81C7 /* Main.storyboard */; };
		182D43CB29A899C300FD81C7 /* Assets.xcassets in Resources */ = {isa = PBXBuildFile; fileRef = 182D43CA29A899C300FD81C7 /* Assets.xcassets */; };
		182D43CE29A899C300FD81C7 /* LaunchScreen.storyboard in Resources */ = {isa = PBXBuildFile; fileRef = 182D43CC29A899C300FD81C7 /* LaunchScreen.storyboard */; };
		182D43D629A89C1200FD81C7 /* CategoryTableViewController.swift in Sources */ = {isa = PBXBuildFile; fileRef = 182D43D529A89C1200FD81C7 /* CategoryTableViewController.swift */; };
		182D43D829A89C2200FD81C7 /* MenuTableViewController.swift in Sources */ = {isa = PBXBuildFile; fileRef = 182D43D729A89C2200FD81C7 /* MenuTableViewController.swift */; };
		182D43DA29A89C3300FD81C7 /* OrderTableViewController.swift in Sources */ = {isa = PBXBuildFile; fileRef = 182D43D929A89C3300FD81C7 /* OrderTableViewController.swift */; };
		182D43DC29A8A0AF00FD81C7 /* MenuItemDetailViewController.swift in Sources */ = {isa = PBXBuildFile; fileRef = 182D43DB29A8A0AF00FD81C7 /* MenuItemDetailViewController.swift */; };
		186235C629AC6BC700A51B6A /* MenuItem.swift in Sources */ = {isa = PBXBuildFile; fileRef = 186235C529AC6BC700A51B6A /* MenuItem.swift */; };
		186235C829AC6E1700A51B6A /* ResponseModels.swift in Sources */ = {isa = PBXBuildFile; fileRef = 186235C729AC6E1700A51B6A /* ResponseModels.swift */; };
		186235CA29AC6EF500A51B6A /* Order.swift in Sources */ = {isa = PBXBuildFile; fileRef = 186235C929AC6EF500A51B6A /* Order.swift */; };
		186235CC29AC700D00A51B6A /* MenuController.swift in Sources */ = {isa = PBXBuildFile; fileRef = 186235CB29AC700D00A51B6A /* MenuController.swift */; };
/* End PBXBuildFile section */

/* Begin PBXFileReference section */
		182D43BE29A899C100FD81C7 /* OrderApp.app */ = {isa = PBXFileReference; explicitFileType = wrapper.application; includeInIndex = 0; path = OrderApp.app; sourceTree = BUILT_PRODUCTS_DIR; };
		182D43C129A899C100FD81C7 /* AppDelegate.swift */ = {isa = PBXFileReference; lastKnownFileType = sourcecode.swift; path = AppDelegate.swift; sourceTree = "<group>"; };
		182D43C329A899C100FD81C7 /* SceneDelegate.swift */ = {isa = PBXFileReference; lastKnownFileType = sourcecode.swift; path = SceneDelegate.swift; sourceTree = "<group>"; };
		182D43C529A899C100FD81C7 /* ViewController.swift */ = {isa = PBXFileReference; lastKnownFileType = sourcecode.swift; path = ViewController.swift; sourceTree = "<group>"; };
		182D43C829A899C100FD81C7 /* Base */ = {isa = PBXFileReference; lastKnownFileType = file.storyboard; name = Base; path = Base.lproj/Main.storyboard; sourceTree = "<group>"; };
		182D43CA29A899C300FD81C7 /* Assets.xcassets */ = {isa = PBXFileReference; lastKnownFileType = folder.assetcatalog; path = Assets.xcassets; sourceTree = "<group>"; };
		182D43CD29A899C300FD81C7 /* Base */ = {isa = PBXFileReference; lastKnownFileType = file.storyboard; name = Base; path = Base.lproj/LaunchScreen.storyboard; sourceTree = "<group>"; };
		182D43CF29A899C300FD81C7 /* Info.plist */ = {isa = PBXFileReference; lastKnownFileType = text.plist.xml; path = Info.plist; sourceTree = "<group>"; };
		182D43D529A89C1200FD81C7 /* CategoryTableViewController.swift */ = {isa = PBXFileReference; lastKnownFileType = sourcecode.swift; path = CategoryTableViewController.swift; sourceTree = "<group>"; };
		182D43D729A89C2200FD81C7 /* MenuTableViewController.swift */ = {isa = PBXFileReference; lastKnownFileType = sourcecode.swift; path = MenuTableViewController.swift; sourceTree = "<group>"; };
		182D43D929A89C3300FD81C7 /* OrderTableViewController.swift */ = {isa = PBXFileReference; lastKnownFileType = sourcecode.swift; path = OrderTableViewController.swift; sourceTree = "<group>"; };
		182D43DB29A8A0AF00FD81C7 /* MenuItemDetailViewController.swift */ = {isa = PBXFileReference; lastKnownFileType = sourcecode.swift; path = MenuItemDetailViewController.swift; sourceTree = "<group>"; };
		186235C529AC6BC700A51B6A /* MenuItem.swift */ = {isa = PBXFileReference; lastKnownFileType = sourcecode.swift; path = MenuItem.swift; sourceTree = "<group>"; };
		186235C729AC6E1700A51B6A /* ResponseModels.swift */ = {isa = PBXFileReference; lastKnownFileType = sourcecode.swift; path = ResponseModels.swift; sourceTree = "<group>"; };
		186235C929AC6EF500A51B6A /* Order.swift */ = {isa = PBXFileReference; lastKnownFileType = sourcecode.swift; path = Order.swift; sourceTree = "<group>"; };
		186235CB29AC700D00A51B6A /* MenuController.swift */ = {isa = PBXFileReference; lastKnownFileType = sourcecode.swift; path = MenuController.swift; sourceTree = "<group>"; };
/* End PBXFileReference section */

/* Begin PBXFrameworksBuildPhase section */
		182D43BB29A899C100FD81C7 /* Frameworks */ = {
			isa = PBXFrameworksBuildPhase;
			buildActionMask = 2147483647;
			files = (
			);
			runOnlyForDeploymentPostprocessing = 0;
		};
/* End PBXFrameworksBuildPhase section */

/* Begin PBXGroup section */
		182D43B529A899C100FD81C7 = {
			isa = PBXGroup;
			children = (
				186235C529AC6BC700A51B6A /* MenuItem.swift */,
				186235C729AC6E1700A51B6A /* ResponseModels.swift */,
				186235C929AC6EF500A51B6A /* Order.swift */,
				186235CB29AC700D00A51B6A /* MenuController.swift */,
				182D43D529A89C1200FD81C7 /* CategoryTableViewController.swift */,
				182D43D729A89C2200FD81C7 /* MenuTableViewController.swift */,
				182D43D929A89C3300FD81C7 /* OrderTableViewController.swift */,
				182D43C029A899C100FD81C7 /* OrderApp */,
				182D43BF29A899C100FD81C7 /* Products */,
			);
			sourceTree = "<group>";
		};
		182D43BF29A899C100FD81C7 /* Products */ = {
			isa = PBXGroup;
			children = (
				182D43BE29A899C100FD81C7 /* OrderApp.app */,
			);
			name = Products;
			sourceTree = "<group>";
		};
		182D43C029A899C100FD81C7 /* OrderApp */ = {
			isa = PBXGroup;
			children = (
				182D43C129A899C100FD81C7 /* AppDelegate.swift */,
				182D43C329A899C100FD81C7 /* SceneDelegate.swift */,
				182D43C529A899C100FD81C7 /* ViewController.swift */,
				182D43C729A899C100FD81C7 /* Main.storyboard */,
				182D43DB29A8A0AF00FD81C7 /* MenuItemDetailViewController.swift */,
				182D43CA29A899C300FD81C7 /* Assets.xcassets */,
				182D43CC29A899C300FD81C7 /* LaunchScreen.storyboard */,
				182D43CF29A899C300FD81C7 /* Info.plist */,
			);
			path = OrderApp;
			sourceTree = "<group>";
		};
/* End PBXGroup section */

/* Begin PBXNativeTarget section */
		182D43BD29A899C100FD81C7 /* OrderApp */ = {
			isa = PBXNativeTarget;
			buildConfigurationList = 182D43D229A899C300FD81C7 /* Build configuration list for PBXNativeTarget "OrderApp" */;
			buildPhases = (
				182D43BA29A899C100FD81C7 /* Sources */,
				182D43BB29A899C100FD81C7 /* Frameworks */,
				182D43BC29A899C100FD81C7 /* Resources */,
			);
			buildRules = (
			);
			dependencies = (
			);
			name = OrderApp;
			productName = OrderApp;
			productReference = 182D43BE29A899C100FD81C7 /* OrderApp.app */;
			productType = "com.apple.product-type.application";
		};
/* End PBXNativeTarget section */

/* Begin PBXProject section */
		182D43B629A899C100FD81C7 /* Project object */ = {
			isa = PBXProject;
			attributes = {
				BuildIndependentTargetsInParallel = 1;
				LastSwiftUpdateCheck = 1420;
				LastUpgradeCheck = 1420;
				TargetAttributes = {
					182D43BD29A899C100FD81C7 = {
						CreatedOnToolsVersion = 14.2;
					};
				};
			};
			buildConfigurationList = 182D43B929A899C100FD81C7 /* Build configuration list for PBXProject "OrderApp" */;
			compatibilityVersion = "Xcode 14.0";
			developmentRegion = en;
			hasScannedForEncodings = 0;
			knownRegions = (
				en,
				Base,
			);
			mainGroup = 182D43B529A899C100FD81C7;
			productRefGroup = 182D43BF29A899C100FD81C7 /* Products */;
			projectDirPath = "";
			projectRoot = "";
			targets = (
				182D43BD29A899C100FD81C7 /* OrderApp */,
			);
		};
/* End PBXProject section */

/* Begin PBXResourcesBuildPhase section */
		182D43BC29A899C100FD81C7 /* Resources */ = {
			isa = PBXResourcesBuildPhase;
			buildActionMask = 2147483647;
			files = (
				182D43CE29A899C300FD81C7 /* LaunchScreen.storyboard in Resources */,
				182D43CB29A899C300FD81C7 /* Assets.xcassets in Resources */,
				182D43C929A899C100FD81C7 /* Main.storyboard in Resources */,
			);
			runOnlyForDeploymentPostprocessing = 0;
		};
/* End PBXResourcesBuildPhase section */

/* Begin PBXSourcesBuildPhase section */
		182D43BA29A899C100FD81C7 /* Sources */ = {
			isa = PBXSourcesBuildPhase;
			buildActionMask = 2147483647;
			files = (
				182D43C629A899C100FD81C7 /* ViewController.swift in Sources */,
				182D43C229A899C100FD81C7 /* AppDelegate.swift in Sources */,
				186235CA29AC6EF500A51B6A /* Order.swift in Sources */,
				182D43D829A89C2200FD81C7 /* MenuTableViewController.swift in Sources */,
				182D43DC29A8A0AF00FD81C7 /* MenuItemDetailViewController.swift in Sources */,
				186235CC29AC700D00A51B6A /* MenuController.swift in Sources */,
				182D43C429A899C100FD81C7 /* SceneDelegate.swift in Sources */,
				186235C829AC6E1700A51B6A /* ResponseModels.swift in Sources */,
				186235C629AC6BC700A51B6A /* MenuItem.swift in Sources */,
				182D43DA29A89C3300FD81C7 /* OrderTableViewController.swift in Sources */,
				182D43D629A89C1200FD81C7 /* CategoryTableViewController.swift in Sources */,
			);
			runOnlyForDeploymentPostprocessing = 0;
		};
/* End PBXSourcesBuildPhase section */

/* Begin PBXVariantGroup section */
		182D43C729A899C100FD81C7 /* Main.storyboard */ = {
			isa = PBXVariantGroup;
			children = (
				182D43C829A899C100FD81C7 /* Base */,
			);
			name = Main.storyboard;
			sourceTree = "<group>";
		};
		182D43CC29A899C300FD81C7 /* LaunchScreen.storyboard */ = {
			isa = PBXVariantGroup;
			children = (
				182D43CD29A899C300FD81C7 /* Base */,
			);
			name = LaunchScreen.storyboard;
			sourceTree = "<group>";
		};
/* End PBXVariantGroup section */

/* Begin XCBuildConfiguration section */
		182D43D029A899C300FD81C7 /* Debug */ = {
			isa = XCBuildConfiguration;
			buildSettings = {
				ALWAYS_SEARCH_USER_PATHS = NO;
				CLANG_ANALYZER_NONNULL = YES;
				CLANG_ANALYZER_NUMBER_OBJECT_CONVERSION = YES_AGGRESSIVE;
				CLANG_CXX_LANGUAGE_STANDARD = "gnu++20";
				CLANG_ENABLE_MODULES = YES;
				CLANG_ENABLE_OBJC_ARC = YES;
				CLANG_ENABLE_OBJC_WEAK = YES;
				CLANG_WARN_BLOCK_CAPTURE_AUTORELEASING = YES;
				CLANG_WARN_BOOL_CONVERSION = YES;
				CLANG_WARN_COMMA = YES;
				CLANG_WARN_CONSTANT_CONVERSION = YES;
				CLANG_WARN_DEPRECATED_OBJC_IMPLEMENTATIONS = YES;
				CLANG_WARN_DIRECT_OBJC_ISA_USAGE = YES_ERROR;
				CLANG_WARN_DOCUMENTATION_COMMENTS = YES;
				CLANG_WARN_EMPTY_BODY = YES;
				CLANG_WARN_ENUM_CONVERSION = YES;
				CLANG_WARN_INFINITE_RECURSION = YES;
				CLANG_WARN_INT_CONVERSION = YES;
				CLANG_WARN_NON_LITERAL_NULL_CONVERSION = YES;
				CLANG_WARN_OBJC_IMPLICIT_RETAIN_SELF = YES;
				CLANG_WARN_OBJC_LITERAL_CONVERSION = YES;
				CLANG_WARN_OBJC_ROOT_CLASS = YES_ERROR;
				CLANG_WARN_QUOTED_INCLUDE_IN_FRAMEWORK_HEADER = YES;
				CLANG_WARN_RANGE_LOOP_ANALYSIS = YES;
				CLANG_WARN_STRICT_PROTOTYPES = YES;
				CLANG_WARN_SUSPICIOUS_MOVE = YES;
				CLANG_WARN_UNGUARDED_AVAILABILITY = YES_AGGRESSIVE;
				CLANG_WARN_UNREACHABLE_CODE = YES;
				CLANG_WARN__DUPLICATE_METHOD_MATCH = YES;
				COPY_PHASE_STRIP = NO;
				DEBUG_INFORMATION_FORMAT = dwarf;
				ENABLE_STRICT_OBJC_MSGSEND = YES;
				ENABLE_TESTABILITY = YES;
				GCC_C_LANGUAGE_STANDARD = gnu11;
				GCC_DYNAMIC_NO_PIC = NO;
				GCC_NO_COMMON_BLOCKS = YES;
				GCC_OPTIMIZATION_LEVEL = 0;
				GCC_PREPROCESSOR_DEFINITIONS = (
					"DEBUG=1",
					"$(inherited)",
				);
				GCC_WARN_64_TO_32_BIT_CONVERSION = YES;
				GCC_WARN_ABOUT_RETURN_TYPE = YES_ERROR;
				GCC_WARN_UNDECLARED_SELECTOR = YES;
				GCC_WARN_UNINITIALIZED_AUTOS = YES_AGGRESSIVE;
				GCC_WARN_UNUSED_FUNCTION = YES;
				GCC_WARN_UNUSED_VARIABLE = YES;
				IPHONEOS_DEPLOYMENT_TARGET = 16.2;
				MTL_ENABLE_DEBUG_INFO = INCLUDE_SOURCE;
				MTL_FAST_MATH = YES;
				ONLY_ACTIVE_ARCH = YES;
				SDKROOT = iphoneos;
				SWIFT_ACTIVE_COMPILATION_CONDITIONS = DEBUG;
				SWIFT_OPTIMIZATION_LEVEL = "-Onone";
			};
			name = Debug;
		};
		182D43D129A899C300FD81C7 /* Release */ = {
			isa = XCBuildConfiguration;
			buildSettings = {
				ALWAYS_SEARCH_USER_PATHS = NO;
				CLANG_ANALYZER_NONNULL = YES;
				CLANG_ANALYZER_NUMBER_OBJECT_CONVERSION = YES_AGGRESSIVE;
				CLANG_CXX_LANGUAGE_STANDARD = "gnu++20";
				CLANG_ENABLE_MODULES = YES;
				CLANG_ENABLE_OBJC_ARC = YES;
				CLANG_ENABLE_OBJC_WEAK = YES;
				CLANG_WARN_BLOCK_CAPTURE_AUTORELEASING = YES;
				CLANG_WARN_BOOL_CONVERSION = YES;
				CLANG_WARN_COMMA = YES;
				CLANG_WARN_CONSTANT_CONVERSION = YES;
				CLANG_WARN_DEPRECATED_OBJC_IMPLEMENTATIONS = YES;
				CLANG_WARN_DIRECT_OBJC_ISA_USAGE = YES_ERROR;
				CLANG_WARN_DOCUMENTATION_COMMENTS = YES;
				CLANG_WARN_EMPTY_BODY = YES;
				CLANG_WARN_ENUM_CONVERSION = YES;
				CLANG_WARN_INFINITE_RECURSION = YES;
				CLANG_WARN_INT_CONVERSION = YES;
				CLANG_WARN_NON_LITERAL_NULL_CONVERSION = YES;
				CLANG_WARN_OBJC_IMPLICIT_RETAIN_SELF = YES;
				CLANG_WARN_OBJC_LITERAL_CONVERSION = YES;
				CLANG_WARN_OBJC_ROOT_CLASS = YES_ERROR;
				CLANG_WARN_QUOTED_INCLUDE_IN_FRAMEWORK_HEADER = YES;
				CLANG_WARN_RANGE_LOOP_ANALYSIS = YES;
				CLANG_WARN_STRICT_PROTOTYPES = YES;
				CLANG_WARN_SUSPICIOUS_MOVE = YES;
				CLANG_WARN_UNGUARDED_AVAILABILITY = YES_AGGRESSIVE;
				CLANG_WARN_UNREACHABLE_CODE = YES;
				CLANG_WARN__DUPLICATE_METHOD_MATCH = YES;
				COPY_PHASE_STRIP = NO;
				DEBUG_INFORMATION_FORMAT = "dwarf-with-dsym";
				ENABLE_NS_ASSERTIONS = NO;
				ENABLE_STRICT_OBJC_MSGSEND = YES;
				GCC_C_LANGUAGE_STANDARD = gnu11;
				GCC_NO_COMMON_BLOCKS = YES;
				GCC_WARN_64_TO_32_BIT_CONVERSION = YES;
				GCC_WARN_ABOUT_RETURN_TYPE = YES_ERROR;
				GCC_WARN_UNDECLARED_SELECTOR = YES;
				GCC_WARN_UNINITIALIZED_AUTOS = YES_AGGRESSIVE;
				GCC_WARN_UNUSED_FUNCTION = YES;
				GCC_WARN_UNUSED_VARIABLE = YES;
				IPHONEOS_DEPLOYMENT_TARGET = 16.2;
				MTL_ENABLE_DEBUG_INFO = NO;
				MTL_FAST_MATH = YES;
				SDKROOT = iphoneos;
				SWIFT_COMPILATION_MODE = wholemodule;
				SWIFT_OPTIMIZATION_LEVEL = "-O";
				VALIDATE_PRODUCT = YES;
			};
			name = Release;
		};
		182D43D329A899C300FD81C7 /* Debug */ = {
			isa = XCBuildConfiguration;
			buildSettings = {
				ASSETCATALOG_COMPILER_APPICON_NAME = AppIcon;
				ASSETCATALOG_COMPILER_GLOBAL_ACCENT_COLOR_NAME = AccentColor;
				CODE_SIGN_STYLE = Automatic;
				CURRENT_PROJECT_VERSION = 1;
				GENERATE_INFOPLIST_FILE = YES;
				INFOPLIST_FILE = OrderApp/Info.plist;
				INFOPLIST_KEY_UIApplicationSupportsIndirectInputEvents = YES;
				INFOPLIST_KEY_UILaunchStoryboardName = LaunchScreen;
				INFOPLIST_KEY_UIMainStoryboardFile = Main;
				INFOPLIST_KEY_UISupportedInterfaceOrientations_iPad = "UIInterfaceOrientationPortrait UIInterfaceOrientationPortraitUpsideDown UIInterfaceOrientationLandscapeLeft UIInterfaceOrientationLandscapeRight";
				INFOPLIST_KEY_UISupportedInterfaceOrientations_iPhone = "UIInterfaceOrientationPortrait UIInterfaceOrientationLandscapeLeft UIInterfaceOrientationLandscapeRight";
				LD_RUNPATH_SEARCH_PATHS = (
					"$(inherited)",
					"@executable_path/Frameworks",
				);
				MARKETING_VERSION = 1.0;
				PRODUCT_BUNDLE_IDENTIFIER = msrit.edu.OrderApp;
				PRODUCT_NAME = "$(TARGET_NAME)";
				SWIFT_EMIT_LOC_STRINGS = YES;
				SWIFT_VERSION = 5.0;
				TARGETED_DEVICE_FAMILY = "1,2";
			};
			name = Debug;
		};
		182D43D429A899C300FD81C7 /* Release */ = {
			isa = XCBuildConfiguration;
			buildSettings = {
				ASSETCATALOG_COMPILER_APPICON_NAME = AppIcon;
				ASSETCATALOG_COMPILER_GLOBAL_ACCENT_COLOR_NAME = AccentColor;
				CODE_SIGN_STYLE = Automatic;
				CURRENT_PROJECT_VERSION = 1;
				GENERATE_INFOPLIST_FILE = YES;
				INFOPLIST_FILE = OrderApp/Info.plist;
				INFOPLIST_KEY_UIApplicationSupportsIndirectInputEvents = YES;
				INFOPLIST_KEY_UILaunchStoryboardName = LaunchScreen;
				INFOPLIST_KEY_UIMainStoryboardFile = Main;
				INFOPLIST_KEY_UISupportedInterfaceOrientations_iPad = "UIInterfaceOrientationPortrait UIInterfaceOrientationPortraitUpsideDown UIInterfaceOrientationLandscapeLeft UIInterfaceOrientationLandscapeRight";
				INFOPLIST_KEY_UISupportedInterfaceOrientations_iPhone = "UIInterfaceOrientationPortrait UIInterfaceOrientationLandscapeLeft UIInterfaceOrientationLandscapeRight";
				LD_RUNPATH_SEARCH_PATHS = (
					"$(inherited)",
					"@executable_path/Frameworks",
				);
				MARKETING_VERSION = 1.0;
				PRODUCT_BUNDLE_IDENTIFIER = msrit.edu.OrderApp;
				PRODUCT_NAME = "$(TARGET_NAME)";
				SWIFT_EMIT_LOC_STRINGS = YES;
				SWIFT_VERSION = 5.0;
				TARGETED_DEVICE_FAMILY = "1,2";
			};
			name = Release;
		};
/* End XCBuildConfiguration section */

/* Begin XCConfigurationList section */
		182D43B929A899C100FD81C7 /* Build configuration list for PBXProject "OrderApp" */ = {
			isa = XCConfigurationList;
			buildConfigurations = (
				182D43D029A899C300FD81C7 /* Debug */,
				182D43D129A899C300FD81C7 /* Release */,
			);
			defaultConfigurationIsVisible = 0;
			defaultConfigurationName = Release;
		};
		182D43D229A899C300FD81C7 /* Build configuration list for PBXNativeTarget "OrderApp" */ = {
			isa = XCConfigurationList;
			buildConfigurations = (
				182D43D329A899C300FD81C7 /* Debug */,
				182D43D429A899C300FD81C7 /* Release */,
			);
			defaultConfigurationIsVisible = 0;
			defaultConfigurationName = Release;
		};
/* End XCConfigurationList section */
	};
	rootObject = 182D43B629A899C100FD81C7 /* Project object */;
}
